// !$*UTF8*$!
{
	archiveVersion = 1;
	classes = {
	};
	objectVersion = 50;
	objects = {

/* Begin PBXBuildFile section */
		ACAA9388253A45B600D8CE41 /* Habit+CoreDataClass.swift in Sources */ = {isa = PBXBuildFile; fileRef = ACAA9386253A45B600D8CE41 /* Habit+CoreDataClass.swift */; };
		ACAA9389253A45B600D8CE41 /* Habit+CoreDataProperties.swift in Sources */ = {isa = PBXBuildFile; fileRef = ACAA9387253A45B600D8CE41 /* Habit+CoreDataProperties.swift */; };
		ACAA938D253A468F00D8CE41 /* DBService.swift in Sources */ = {isa = PBXBuildFile; fileRef = ACAA938C253A468F00D8CE41 /* DBService.swift */; };
		ACCCE3652537981500859BB6 /* AppDelegate.swift in Sources */ = {isa = PBXBuildFile; fileRef = ACCCE3642537981500859BB6 /* AppDelegate.swift */; };
		ACCCE3672537981500859BB6 /* SceneDelegate.swift in Sources */ = {isa = PBXBuildFile; fileRef = ACCCE3662537981500859BB6 /* SceneDelegate.swift */; };
		ACCCE36F2537981500859BB6 /* Habits.xcdatamodeld in Sources */ = {isa = PBXBuildFile; fileRef = ACCCE36D2537981500859BB6 /* Habits.xcdatamodeld */; };
		ACCCE3712537981500859BB6 /* Assets.xcassets in Resources */ = {isa = PBXBuildFile; fileRef = ACCCE3702537981500859BB6 /* Assets.xcassets */; };
		ACCCE3742537981500859BB6 /* LaunchScreen.storyboard in Resources */ = {isa = PBXBuildFile; fileRef = ACCCE3722537981500859BB6 /* LaunchScreen.storyboard */; };
		ACCCE3822537988900859BB6 /* RoundCheckboxView.swift in Sources */ = {isa = PBXBuildFile; fileRef = ACCCE3812537988900859BB6 /* RoundCheckboxView.swift */; };
		ACE555802538E97200365AED /* HabitItemCell.swift in Sources */ = {isa = PBXBuildFile; fileRef = ACE5557F2538E97200365AED /* HabitItemCell.swift */; };
		ACE555852538E9C900365AED /* HabitItem.swift in Sources */ = {isa = PBXBuildFile; fileRef = ACE555842538E9C900365AED /* HabitItem.swift */; };
		ACE555892538EB3C00365AED /* HabitItemView.swift in Sources */ = {isa = PBXBuildFile; fileRef = ACE555882538EB3C00365AED /* HabitItemView.swift */; };
		ACE5558D2538F64100365AED /* HabitProgressService.swift in Sources */ = {isa = PBXBuildFile; fileRef = ACE5558C2538F64100365AED /* HabitProgressService.swift */; };
		ACE555932538FD6C00365AED /* HabitListController.swift in Sources */ = {isa = PBXBuildFile; fileRef = ACE555922538FD6C00365AED /* HabitListController.swift */; };
		ACE555962538FD7400365AED /* HabitListView.swift in Sources */ = {isa = PBXBuildFile; fileRef = ACE555952538FD7400365AED /* HabitListView.swift */; };
		ACE555992538FD7D00365AED /* HabitListProtocols.swift in Sources */ = {isa = PBXBuildFile; fileRef = ACE555982538FD7D00365AED /* HabitListProtocols.swift */; };
/* End PBXBuildFile section */

/* Begin PBXFileReference section */
		ACAA9386253A45B600D8CE41 /* Habit+CoreDataClass.swift */ = {isa = PBXFileReference; lastKnownFileType = sourcecode.swift; path = "Habit+CoreDataClass.swift"; sourceTree = "<group>"; };
		ACAA9387253A45B600D8CE41 /* Habit+CoreDataProperties.swift */ = {isa = PBXFileReference; lastKnownFileType = sourcecode.swift; path = "Habit+CoreDataProperties.swift"; sourceTree = "<group>"; };
		ACAA938C253A468F00D8CE41 /* DBService.swift */ = {isa = PBXFileReference; lastKnownFileType = sourcecode.swift; path = DBService.swift; sourceTree = "<group>"; };
		ACCCE3612537981500859BB6 /* Habits.app */ = {isa = PBXFileReference; explicitFileType = wrapper.application; includeInIndex = 0; path = Habits.app; sourceTree = BUILT_PRODUCTS_DIR; };
		ACCCE3642537981500859BB6 /* AppDelegate.swift */ = {isa = PBXFileReference; lastKnownFileType = sourcecode.swift; path = AppDelegate.swift; sourceTree = "<group>"; };
		ACCCE3662537981500859BB6 /* SceneDelegate.swift */ = {isa = PBXFileReference; lastKnownFileType = sourcecode.swift; path = SceneDelegate.swift; sourceTree = "<group>"; };
		ACCCE36E2537981500859BB6 /* Habits.xcdatamodel */ = {isa = PBXFileReference; lastKnownFileType = wrapper.xcdatamodel; path = Habits.xcdatamodel; sourceTree = "<group>"; };
		ACCCE3702537981500859BB6 /* Assets.xcassets */ = {isa = PBXFileReference; lastKnownFileType = folder.assetcatalog; path = Assets.xcassets; sourceTree = "<group>"; };
		ACCCE3732537981500859BB6 /* Base */ = {isa = PBXFileReference; lastKnownFileType = file.storyboard; name = Base; path = Base.lproj/LaunchScreen.storyboard; sourceTree = "<group>"; };
		ACCCE3752537981500859BB6 /* Info.plist */ = {isa = PBXFileReference; lastKnownFileType = text.plist.xml; path = Info.plist; sourceTree = "<group>"; };
		ACCCE3812537988900859BB6 /* RoundCheckboxView.swift */ = {isa = PBXFileReference; lastKnownFileType = sourcecode.swift; path = RoundCheckboxView.swift; sourceTree = "<group>"; };
		ACE5557F2538E97200365AED /* HabitItemCell.swift */ = {isa = PBXFileReference; lastKnownFileType = sourcecode.swift; path = HabitItemCell.swift; sourceTree = "<group>"; };
		ACE555842538E9C900365AED /* HabitItem.swift */ = {isa = PBXFileReference; lastKnownFileType = sourcecode.swift; path = HabitItem.swift; sourceTree = "<group>"; };
		ACE555882538EB3C00365AED /* HabitItemView.swift */ = {isa = PBXFileReference; lastKnownFileType = sourcecode.swift; path = HabitItemView.swift; sourceTree = "<group>"; };
		ACE5558C2538F64100365AED /* HabitProgressService.swift */ = {isa = PBXFileReference; lastKnownFileType = sourcecode.swift; path = HabitProgressService.swift; sourceTree = "<group>"; };
		ACE555922538FD6C00365AED /* HabitListController.swift */ = {isa = PBXFileReference; lastKnownFileType = sourcecode.swift; path = HabitListController.swift; sourceTree = "<group>"; };
		ACE555952538FD7400365AED /* HabitListView.swift */ = {isa = PBXFileReference; lastKnownFileType = sourcecode.swift; path = HabitListView.swift; sourceTree = "<group>"; };
		ACE555982538FD7D00365AED /* HabitListProtocols.swift */ = {isa = PBXFileReference; lastKnownFileType = sourcecode.swift; path = HabitListProtocols.swift; sourceTree = "<group>"; };
/* End PBXFileReference section */

/* Begin PBXFrameworksBuildPhase section */
		ACCCE35E2537981500859BB6 /* Frameworks */ = {
			isa = PBXFrameworksBuildPhase;
			buildActionMask = 2147483647;
			files = (
			);
			runOnlyForDeploymentPostprocessing = 0;
		};
/* End PBXFrameworksBuildPhase section */

/* Begin PBXGroup section */
		ACAA938B253A467700D8CE41 /* DBEntities */ = {
			isa = PBXGroup;
			children = (
				ACAA9386253A45B600D8CE41 /* Habit+CoreDataClass.swift */,
				ACAA9387253A45B600D8CE41 /* Habit+CoreDataProperties.swift */,
			);
			path = DBEntities;
			sourceTree = "<group>";
		};
		ACCCE3582537981500859BB6 = {
			isa = PBXGroup;
			children = (
				ACCCE3632537981500859BB6 /* Habits */,
				ACCCE3622537981500859BB6 /* Products */,
			);
			sourceTree = "<group>";
		};
		ACCCE3622537981500859BB6 /* Products */ = {
			isa = PBXGroup;
			children = (
				ACCCE3612537981500859BB6 /* Habits.app */,
			);
			name = Products;
			sourceTree = "<group>";
		};
		ACCCE3632537981500859BB6 /* Habits */ = {
			isa = PBXGroup;
			children = (
				ACE555902538FD5200365AED /* Modules */,
				ACE5558B2538F62400365AED /* Services */,
				ACE555832538E9B700365AED /* ViewEntities */,
				ACAA938B253A467700D8CE41 /* DBEntities */,
				ACCCE3802537984D00859BB6 /* DesignSystem */,
				ACCCE37D2537982700859BB6 /* SupportingFiles */,
			);
			path = Habits;
			sourceTree = "<group>";
		};
		ACCCE37D2537982700859BB6 /* SupportingFiles */ = {
			isa = PBXGroup;
			children = (
				ACCCE3642537981500859BB6 /* AppDelegate.swift */,
				ACCCE3662537981500859BB6 /* SceneDelegate.swift */,
				ACCCE3702537981500859BB6 /* Assets.xcassets */,
				ACCCE3722537981500859BB6 /* LaunchScreen.storyboard */,
				ACCCE3752537981500859BB6 /* Info.plist */,
				ACCCE36D2537981500859BB6 /* Habits.xcdatamodeld */,
			);
			path = SupportingFiles;
			sourceTree = "<group>";
		};
		ACCCE3802537984D00859BB6 /* DesignSystem */ = {
			isa = PBXGroup;
			children = (
				ACE5557E2538E96000365AED /* Cells */,
				ACE5557D2538E95900365AED /* Views */,
			);
			path = DesignSystem;
			sourceTree = "<group>";
		};
		ACE5557D2538E95900365AED /* Views */ = {
			isa = PBXGroup;
			children = (
				ACCCE3812537988900859BB6 /* RoundCheckboxView.swift */,
				ACE555882538EB3C00365AED /* HabitItemView.swift */,
			);
			path = Views;
			sourceTree = "<group>";
		};
		ACE5557E2538E96000365AED /* Cells */ = {
			isa = PBXGroup;
			children = (
				ACE5557F2538E97200365AED /* HabitItemCell.swift */,
			);
			path = Cells;
			sourceTree = "<group>";
		};
		ACE555832538E9B700365AED /* ViewEntities */ = {
			isa = PBXGroup;
			children = (
				ACE555842538E9C900365AED /* HabitItem.swift */,
			);
			path = ViewEntities;
			sourceTree = "<group>";
		};
		ACE5558B2538F62400365AED /* Services */ = {
			isa = PBXGroup;
			children = (
				ACE5558C2538F64100365AED /* HabitProgressService.swift */,
				ACAA938C253A468F00D8CE41 /* DBService.swift */,
			);
			path = Services;
			sourceTree = "<group>";
		};
		ACE555902538FD5200365AED /* Modules */ = {
			isa = PBXGroup;
			children = (
				ACE555912538FD6200365AED /* HabitList */,
			);
			path = Modules;
			sourceTree = "<group>";
		};
		ACE555912538FD6200365AED /* HabitList */ = {
			isa = PBXGroup;
			children = (
				ACE555922538FD6C00365AED /* HabitListController.swift */,
				ACE555952538FD7400365AED /* HabitListView.swift */,
				ACE555982538FD7D00365AED /* HabitListProtocols.swift */,
			);
			path = HabitList;
			sourceTree = "<group>";
		};
/* End PBXGroup section */

/* Begin PBXNativeTarget section */
		ACCCE3602537981500859BB6 /* Habits */ = {
			isa = PBXNativeTarget;
			buildConfigurationList = ACCCE3782537981600859BB6 /* Build configuration list for PBXNativeTarget "Habits" */;
			buildPhases = (
				ACCCE35D2537981500859BB6 /* Sources */,
				ACCCE35E2537981500859BB6 /* Frameworks */,
				ACCCE35F2537981500859BB6 /* Resources */,
			);
			buildRules = (
			);
			dependencies = (
			);
			name = Habits;
			productName = Habits;
			productReference = ACCCE3612537981500859BB6 /* Habits.app */;
			productType = "com.apple.product-type.application";
		};
/* End PBXNativeTarget section */

/* Begin PBXProject section */
		ACCCE3592537981500859BB6 /* Project object */ = {
			isa = PBXProject;
			attributes = {
				LastSwiftUpdateCheck = 1200;
				LastUpgradeCheck = 1200;
				TargetAttributes = {
					ACCCE3602537981500859BB6 = {
						CreatedOnToolsVersion = 12.0.1;
					};
				};
			};
			buildConfigurationList = ACCCE35C2537981500859BB6 /* Build configuration list for PBXProject "Habits" */;
			compatibilityVersion = "Xcode 9.3";
			developmentRegion = en;
			hasScannedForEncodings = 0;
			knownRegions = (
				en,
				Base,
			);
			mainGroup = ACCCE3582537981500859BB6;
			productRefGroup = ACCCE3622537981500859BB6 /* Products */;
			projectDirPath = "";
			projectRoot = "";
			targets = (
				ACCCE3602537981500859BB6 /* Habits */,
			);
		};
/* End PBXProject section */

/* Begin PBXResourcesBuildPhase section */
		ACCCE35F2537981500859BB6 /* Resources */ = {
			isa = PBXResourcesBuildPhase;
			buildActionMask = 2147483647;
			files = (
				ACCCE3742537981500859BB6 /* LaunchScreen.storyboard in Resources */,
				ACCCE3712537981500859BB6 /* Assets.xcassets in Resources */,
			);
			runOnlyForDeploymentPostprocessing = 0;
		};
/* End PBXResourcesBuildPhase section */

/* Begin PBXSourcesBuildPhase section */
		ACCCE35D2537981500859BB6 /* Sources */ = {
			isa = PBXSourcesBuildPhase;
			buildActionMask = 2147483647;
			files = (
				ACAA9388253A45B600D8CE41 /* Habit+CoreDataClass.swift in Sources */,
				ACE555932538FD6C00365AED /* HabitListController.swift in Sources */,
				ACE555962538FD7400365AED /* HabitListView.swift in Sources */,
				ACAA938D253A468F00D8CE41 /* DBService.swift in Sources */,
				ACE555802538E97200365AED /* HabitItemCell.swift in Sources */,
				ACCCE3822537988900859BB6 /* RoundCheckboxView.swift in Sources */,
				ACCCE3652537981500859BB6 /* AppDelegate.swift in Sources */,
				ACE5558D2538F64100365AED /* HabitProgressService.swift in Sources */,
				ACCCE36F2537981500859BB6 /* Habits.xcdatamodeld in Sources */,
				ACE555992538FD7D00365AED /* HabitListProtocols.swift in Sources */,
				ACCCE3672537981500859BB6 /* SceneDelegate.swift in Sources */,
				ACE555852538E9C900365AED /* HabitItem.swift in Sources */,
				ACE555892538EB3C00365AED /* HabitItemView.swift in Sources */,
				ACAA9389253A45B600D8CE41 /* Habit+CoreDataProperties.swift in Sources */,
			);
			runOnlyForDeploymentPostprocessing = 0;
		};
/* End PBXSourcesBuildPhase section */

/* Begin PBXVariantGroup section */
		ACCCE3722537981500859BB6 /* LaunchScreen.storyboard */ = {
			isa = PBXVariantGroup;
			children = (
				ACCCE3732537981500859BB6 /* Base */,
			);
			name = LaunchScreen.storyboard;
			sourceTree = "<group>";
		};
/* End PBXVariantGroup section */

/* Begin XCBuildConfiguration section */
		ACCCE3762537981600859BB6 /* Debug */ = {
			isa = XCBuildConfiguration;
			buildSettings = {
				ALWAYS_SEARCH_USER_PATHS = NO;
				CLANG_ANALYZER_NONNULL = YES;
				CLANG_ANALYZER_NUMBER_OBJECT_CONVERSION = YES_AGGRESSIVE;
				CLANG_CXX_LANGUAGE_STANDARD = "gnu++14";
				CLANG_CXX_LIBRARY = "libc++";
				CLANG_ENABLE_MODULES = YES;
				CLANG_ENABLE_OBJC_ARC = YES;
				CLANG_ENABLE_OBJC_WEAK = YES;
				CLANG_WARN_BLOCK_CAPTURE_AUTORELEASING = YES;
				CLANG_WARN_BOOL_CONVERSION = YES;
				CLANG_WARN_COMMA = YES;
				CLANG_WARN_CONSTANT_CONVERSION = YES;
				CLANG_WARN_DEPRECATED_OBJC_IMPLEMENTATIONS = YES;
				CLANG_WARN_DIRECT_OBJC_ISA_USAGE = YES_ERROR;
				CLANG_WARN_DOCUMENTATION_COMMENTS = YES;
				CLANG_WARN_EMPTY_BODY = YES;
				CLANG_WARN_ENUM_CONVERSION = YES;
				CLANG_WARN_INFINITE_RECURSION = YES;
				CLANG_WARN_INT_CONVERSION = YES;
				CLANG_WARN_NON_LITERAL_NULL_CONVERSION = YES;
				CLANG_WARN_OBJC_IMPLICIT_RETAIN_SELF = YES;
				CLANG_WARN_OBJC_LITERAL_CONVERSION = YES;
				CLANG_WARN_OBJC_ROOT_CLASS = YES_ERROR;
				CLANG_WARN_QUOTED_INCLUDE_IN_FRAMEWORK_HEADER = YES;
				CLANG_WARN_RANGE_LOOP_ANALYSIS = YES;
				CLANG_WARN_STRICT_PROTOTYPES = YES;
				CLANG_WARN_SUSPICIOUS_MOVE = YES;
				CLANG_WARN_UNGUARDED_AVAILABILITY = YES_AGGRESSIVE;
				CLANG_WARN_UNREACHABLE_CODE = YES;
				CLANG_WARN__DUPLICATE_METHOD_MATCH = YES;
				COPY_PHASE_STRIP = NO;
				DEBUG_INFORMATION_FORMAT = dwarf;
				ENABLE_STRICT_OBJC_MSGSEND = YES;
				ENABLE_TESTABILITY = YES;
				GCC_C_LANGUAGE_STANDARD = gnu11;
				GCC_DYNAMIC_NO_PIC = NO;
				GCC_NO_COMMON_BLOCKS = YES;
				GCC_OPTIMIZATION_LEVEL = 0;
				GCC_PREPROCESSOR_DEFINITIONS = (
					"DEBUG=1",
					"$(inherited)",
				);
				GCC_WARN_64_TO_32_BIT_CONVERSION = YES;
				GCC_WARN_ABOUT_RETURN_TYPE = YES_ERROR;
				GCC_WARN_UNDECLARED_SELECTOR = YES;
				GCC_WARN_UNINITIALIZED_AUTOS = YES_AGGRESSIVE;
				GCC_WARN_UNUSED_FUNCTION = YES;
				GCC_WARN_UNUSED_VARIABLE = YES;
				IPHONEOS_DEPLOYMENT_TARGET = 14.0;
				MTL_ENABLE_DEBUG_INFO = INCLUDE_SOURCE;
				MTL_FAST_MATH = YES;
				ONLY_ACTIVE_ARCH = YES;
				SDKROOT = iphoneos;
				SWIFT_ACTIVE_COMPILATION_CONDITIONS = DEBUG;
				SWIFT_OPTIMIZATION_LEVEL = "-Onone";
			};
			name = Debug;
		};
		ACCCE3772537981600859BB6 /* Release */ = {
			isa = XCBuildConfiguration;
			buildSettings = {
				ALWAYS_SEARCH_USER_PATHS = NO;
				CLANG_ANALYZER_NONNULL = YES;
				CLANG_ANALYZER_NUMBER_OBJECT_CONVERSION = YES_AGGRESSIVE;
				CLANG_CXX_LANGUAGE_STANDARD = "gnu++14";
				CLANG_CXX_LIBRARY = "libc++";
				CLANG_ENABLE_MODULES = YES;
				CLANG_ENABLE_OBJC_ARC = YES;
				CLANG_ENABLE_OBJC_WEAK = YES;
				CLANG_WARN_BLOCK_CAPTURE_AUTORELEASING = YES;
				CLANG_WARN_BOOL_CONVERSION = YES;
				CLANG_WARN_COMMA = YES;
				CLANG_WARN_CONSTANT_CONVERSION = YES;
				CLANG_WARN_DEPRECATED_OBJC_IMPLEMENTATIONS = YES;
				CLANG_WARN_DIRECT_OBJC_ISA_USAGE = YES_ERROR;
				CLANG_WARN_DOCUMENTATION_COMMENTS = YES;
				CLANG_WARN_EMPTY_BODY = YES;
				CLANG_WARN_ENUM_CONVERSION = YES;
				CLANG_WARN_INFINITE_RECURSION = YES;
				CLANG_WARN_INT_CONVERSION = YES;
				CLANG_WARN_NON_LITERAL_NULL_CONVERSION = YES;
				CLANG_WARN_OBJC_IMPLICIT_RETAIN_SELF = YES;
				CLANG_WARN_OBJC_LITERAL_CONVERSION = YES;
				CLANG_WARN_OBJC_ROOT_CLASS = YES_ERROR;
				CLANG_WARN_QUOTED_INCLUDE_IN_FRAMEWORK_HEADER = YES;
				CLANG_WARN_RANGE_LOOP_ANALYSIS = YES;
				CLANG_WARN_STRICT_PROTOTYPES = YES;
				CLANG_WARN_SUSPICIOUS_MOVE = YES;
				CLANG_WARN_UNGUARDED_AVAILABILITY = YES_AGGRESSIVE;
				CLANG_WARN_UNREACHABLE_CODE = YES;
				CLANG_WARN__DUPLICATE_METHOD_MATCH = YES;
				COPY_PHASE_STRIP = NO;
				DEBUG_INFORMATION_FORMAT = "dwarf-with-dsym";
				ENABLE_NS_ASSERTIONS = NO;
				ENABLE_STRICT_OBJC_MSGSEND = YES;
				GCC_C_LANGUAGE_STANDARD = gnu11;
				GCC_NO_COMMON_BLOCKS = YES;
				GCC_WARN_64_TO_32_BIT_CONVERSION = YES;
				GCC_WARN_ABOUT_RETURN_TYPE = YES_ERROR;
				GCC_WARN_UNDECLARED_SELECTOR = YES;
				GCC_WARN_UNINITIALIZED_AUTOS = YES_AGGRESSIVE;
				GCC_WARN_UNUSED_FUNCTION = YES;
				GCC_WARN_UNUSED_VARIABLE = YES;
				IPHONEOS_DEPLOYMENT_TARGET = 14.0;
				MTL_ENABLE_DEBUG_INFO = NO;
				MTL_FAST_MATH = YES;
				SDKROOT = iphoneos;
				SWIFT_COMPILATION_MODE = wholemodule;
				SWIFT_OPTIMIZATION_LEVEL = "-O";
				VALIDATE_PRODUCT = YES;
			};
			name = Release;
		};
		ACCCE3792537981600859BB6 /* Debug */ = {
			isa = XCBuildConfiguration;
			buildSettings = {
				ASSETCATALOG_COMPILER_APPICON_NAME = AppIcon;
				ASSETCATALOG_COMPILER_GLOBAL_ACCENT_COLOR_NAME = AccentColor;
				CODE_SIGN_STYLE = Automatic;
				DEVELOPMENT_TEAM = 89WB9E7UEU;
				INFOPLIST_FILE = Habits/SupportingFiles/Info.plist;
				IPHONEOS_DEPLOYMENT_TARGET = 13.0;
				LD_RUNPATH_SEARCH_PATHS = (
					"$(inherited)",
					"@executable_path/Frameworks",
				);
				PRODUCT_BUNDLE_IDENTIFIER = com.bitsoev.Habits;
				PRODUCT_NAME = "$(TARGET_NAME)";
				SWIFT_VERSION = 5.0;
				TARGETED_DEVICE_FAMILY = 1;
			};
			name = Debug;
		};
		ACCCE37A2537981600859BB6 /* Release */ = {
			isa = XCBuildConfiguration;
			buildSettings = {
				ASSETCATALOG_COMPILER_APPICON_NAME = AppIcon;
				ASSETCATALOG_COMPILER_GLOBAL_ACCENT_COLOR_NAME = AccentColor;
				CODE_SIGN_STYLE = Automatic;
				DEVELOPMENT_TEAM = 89WB9E7UEU;
				INFOPLIST_FILE = Habits/SupportingFiles/Info.plist;
				IPHONEOS_DEPLOYMENT_TARGET = 13.0;
				LD_RUNPATH_SEARCH_PATHS = (
					"$(inherited)",
					"@executable_path/Frameworks",
				);
				PRODUCT_BUNDLE_IDENTIFIER = com.bitsoev.Habits;
				PRODUCT_NAME = "$(TARGET_NAME)";
				SWIFT_VERSION = 5.0;
				TARGETED_DEVICE_FAMILY = 1;
			};
			name = Release;
		};
/* End XCBuildConfiguration section */

/* Begin XCConfigurationList section */
		ACCCE35C2537981500859BB6 /* Build configuration list for PBXProject "Habits" */ = {
			isa = XCConfigurationList;
			buildConfigurations = (
				ACCCE3762537981600859BB6 /* Debug */,
				ACCCE3772537981600859BB6 /* Release */,
			);
			defaultConfigurationIsVisible = 0;
			defaultConfigurationName = Release;
		};
		ACCCE3782537981600859BB6 /* Build configuration list for PBXNativeTarget "Habits" */ = {
			isa = XCConfigurationList;
			buildConfigurations = (
				ACCCE3792537981600859BB6 /* Debug */,
				ACCCE37A2537981600859BB6 /* Release */,
			);
			defaultConfigurationIsVisible = 0;
			defaultConfigurationName = Release;
		};
/* End XCConfigurationList section */

/* Begin XCVersionGroup section */
		ACCCE36D2537981500859BB6 /* Habits.xcdatamodeld */ = {
			isa = XCVersionGroup;
			children = (
				ACCCE36E2537981500859BB6 /* Habits.xcdatamodel */,
			);
			currentVersion = ACCCE36E2537981500859BB6 /* Habits.xcdatamodel */;
			path = Habits.xcdatamodeld;
			sourceTree = "<group>";
			versionGroupType = wrapper.xcdatamodel;
		};
/* End XCVersionGroup section */
	};
	rootObject = ACCCE3592537981500859BB6 /* Project object */;
}
